{
  "name": "smartfish-app",
  "lockfileVersion": 2,
  "requires": true,
  "packages": {
    "": {
      "dependencies": {
        "@qiun/ucharts": "^2.4.4-20221102"
      }
    },
    "node_modules/@qiun/ucharts": {
      "version": "2.4.4-20221102",
      "resolved": "https://registry.npmjs.org/@qiun/ucharts/-/ucharts-2.4.4-20221102.tgz",
      "integrity": "sha512-8dTjWw87NuARyLy/KlyDUDvNqr6aHCL9W/8oMotnJeSAdV4QKlPzzJODc9XQE7cOiQHLkdi2hWoXIO19pIXotw=="
    }
  },
  "dependencies": {
    "@qiun/ucharts": {
      "version": "2.4.4-20221102",
      "resolved": "https://registry.npmjs.org/@qiun/ucharts/-/ucharts-2.4.4-20221102.tgz",
      "integrity": "sha512-8dTjWw87NuARyLy/KlyDUDvNqr6aHCL9W/8oMotnJeSAdV4QKlPzzJODc9XQE7cOiQHLkdi2hWoXIO19pIXotw=="
    }
  }
}
